Microsoft Visual Studio Solution File, Format Version 12.00
# Visual Studio Version 17
VisualStudioVersion = 17.7.34018.315
MinimumVisualStudioVersion = 10.0.40219.1
Project("{2150E333-8FDC-42A3-9474-1A3956D46DE8}") = "Solution Items", "Solution Items", "{EE695357-5F12-4313-936E-6369E506D81D}"
	ProjectSection(SolutionItems) = preProject
		.editorconfig = .editorconfig
	EndProjectSection
EndProject
Project("{9A19103F-16F7-4668-BE54-9A1E7A4F7556}") = "Darwin.Domain", "Darwin.Domain\Darwin.Domain.csproj", "{C520E42A-463C-4330-9FC4-879C55D5FD53}"
EndProject
Project("{9A19103F-16F7-4668-BE54-9A1E7A4F7556}") = "Darwin.Persistance", "Darwin.Persistance\Darwin.Persistance.csproj", "{466C5A40-DB38-4E00-A74E-826679D0C406}"
EndProject
Project("{9A19103F-16F7-4668-BE54-9A1E7A4F7556}") = "Darwin.Application", "Darwin.Application\Darwin.Application.csproj", "{1D60847F-CFA8-4905-9699-67088BAF174F}"
EndProject
Project("{9A19103F-16F7-4668-BE54-9A1E7A4F7556}") = "Darwin.WebApi", "Darwin.WebApi\Darwin.WebApi.csproj", "{A3AE9A3C-453F-4E01-94E8-BEF7F8E67124}"
EndProject
Project("{9A19103F-16F7-4668-BE54-9A1E7A4F7556}") = "Darwin.Infrastructure", "Darwin.Infrastructure\Darwin.Infrastructure.csproj", "{D1AD2741-9FD3-4ED2-8C5D-BDE2FE317338}"
EndProject
Project("{9A19103F-16F7-4668-BE54-9A1E7A4F7556}") = "Darwin.Presentation", "Darwin.Presentation\Darwin.Presentation.csproj", "{98B0C7D0-709A-472F-AFC7-5331ED471CE7}"
EndProject
Project("{9A19103F-16F7-4668-BE54-9A1E7A4F7556}") = "Darwin.Notification", "Darwin.Notification\Darwin.Notification.csproj", "{9DF385FB-3A90-402E-B498-BA95B24A0EED}"
EndProject
Project("{9A19103F-16F7-4668-BE54-9A1E7A4F7556}") = "Darwin.Shared", "Darwin.Shared\Darwin.Shared.csproj", "{E3EB3F1D-7715-43C8-AC5E-204AEC1608D9}"
EndProject
Project("{9A19103F-16F7-4668-BE54-9A1E7A4F7556}") = "Darwin.FileService", "Services\Darwin.FileService\Darwin.FileService.csproj", "{4EAA52A6-CA72-43C3-A3E6-433BBB57C478}"
EndProject
Global
	GlobalSection(SolutionConfigurationPlatforms) = preSolution
		Debug|Any CPU = Debug|Any CPU
		Release|Any CPU = Release|Any CPU
	EndGlobalSection
	GlobalSection(ProjectConfigurationPlatforms) = postSolution
		{C520E42A-463C-4330-9FC4-879C55D5FD53}.Debug|Any CPU.ActiveCfg = Debug|Any CPU
		{C520E42A-463C-4330-9FC4-879C55D5FD53}.Debug|Any CPU.Build.0 = Debug|Any CPU
		{C520E42A-463C-4330-9FC4-879C55D5FD53}.Release|Any CPU.ActiveCfg = Release|Any CPU
		{C520E42A-463C-4330-9FC4-879C55D5FD53}.Release|Any CPU.Build.0 = Release|Any CPU
		{466C5A40-DB38-4E00-A74E-826679D0C406}.Debug|Any CPU.ActiveCfg = Debug|Any CPU
		{466C5A40-DB38-4E00-A74E-826679D0C406}.Debug|Any CPU.Build.0 = Debug|Any CPU
		{466C5A40-DB38-4E00-A74E-826679D0C406}.Release|Any CPU.ActiveCfg = Release|Any CPU
		{466C5A40-DB38-4E00-A74E-826679D0C406}.Release|Any CPU.Build.0 = Release|Any CPU
		{1D60847F-CFA8-4905-9699-67088BAF174F}.Debug|Any CPU.ActiveCfg = Debug|Any CPU
		{1D60847F-CFA8-4905-9699-67088BAF174F}.Debug|Any CPU.Build.0 = Debug|Any CPU
		{1D60847F-CFA8-4905-9699-67088BAF174F}.Release|Any CPU.ActiveCfg = Release|Any CPU
		{1D60847F-CFA8-4905-9699-67088BAF174F}.Release|Any CPU.Build.0 = Release|Any CPU
		{A3AE9A3C-453F-4E01-94E8-BEF7F8E67124}.Debug|Any CPU.ActiveCfg = Debug|Any CPU
		{A3AE9A3C-453F-4E01-94E8-BEF7F8E67124}.Debug|Any CPU.Build.0 = Debug|Any CPU
		{A3AE9A3C-453F-4E01-94E8-BEF7F8E67124}.Release|Any CPU.ActiveCfg = Release|Any CPU
		{A3AE9A3C-453F-4E01-94E8-BEF7F8E67124}.Release|Any CPU.Build.0 = Release|Any CPU
		{D1AD2741-9FD3-4ED2-8C5D-BDE2FE317338}.Debug|Any CPU.ActiveCfg = Debug|Any CPU
		{D1AD2741-9FD3-4ED2-8C5D-BDE2FE317338}.Debug|Any CPU.Build.0 = Debug|Any CPU
		{D1AD2741-9FD3-4ED2-8C5D-BDE2FE317338}.Release|Any CPU.ActiveCfg = Release|Any CPU
		{D1AD2741-9FD3-4ED2-8C5D-BDE2FE317338}.Release|Any CPU.Build.0 = Release|Any CPU
		{98B0C7D0-709A-472F-AFC7-5331ED471CE7}.Debug|Any CPU.ActiveCfg = Debug|Any CPU
		{98B0C7D0-709A-472F-AFC7-5331ED471CE7}.Debug|Any CPU.Build.0 = Debug|Any CPU
		{98B0C7D0-709A-472F-AFC7-5331ED471CE7}.Release|Any CPU.ActiveCfg = Release|Any CPU
		{98B0C7D0-709A-472F-AFC7-5331ED471CE7}.Release|Any CPU.Build.0 = Release|Any CPU
		{9DF385FB-3A90-402E-B498-BA95B24A0EED}.Debug|Any CPU.ActiveCfg = Debug|Any CPU
		{9DF385FB-3A90-402E-B498-BA95B24A0EED}.Debug|Any CPU.Build.0 = Debug|Any CPU
		{9DF385FB-3A90-402E-B498-BA95B24A0EED}.Release|Any CPU.ActiveCfg = Release|Any CPU
		{9DF385FB-3A90-402E-B498-BA95B24A0EED}.Release|Any CPU.Build.0 = Release|Any CPU
		{E3EB3F1D-7715-43C8-AC5E-204AEC1608D9}.Debug|Any CPU.ActiveCfg = Debug|Any CPU
		{E3EB3F1D-7715-43C8-AC5E-204AEC1608D9}.Debug|Any CPU.Build.0 = Debug|Any CPU
		{E3EB3F1D-7715-43C8-AC5E-204AEC1608D9}.Release|Any CPU.ActiveCfg = Release|Any CPU
		{E3EB3F1D-7715-43C8-AC5E-204AEC1608D9}.Release|Any CPU.Build.0 = Release|Any CPU
		{4EAA52A6-CA72-43C3-A3E6-433BBB57C478}.Debug|Any CPU.ActiveCfg = Debug|Any CPU
		{4EAA52A6-CA72-43C3-A3E6-433BBB57C478}.Debug|Any CPU.Build.0 = Debug|Any CPU
		{4EAA52A6-CA72-43C3-A3E6-433BBB57C478}.Release|Any CPU.ActiveCfg = Release|Any CPU
		{4EAA52A6-CA72-43C3-A3E6-433BBB57C478}.Release|Any CPU.Build.0 = Release|Any CPU
	EndGlobalSection
	GlobalSection(SolutionProperties) = preSolution
		HideSolutionNode = FALSE
	EndGlobalSection
	GlobalSection(ExtensibilityGlobals) = postSolution
		SolutionGuid = {F8FE7AB8-E9E6-4AC2-9D12-842C5CEDA28E}
	EndGlobalSection
EndGlobal
